
Microsoft Visual Studio Solution File, Format Version 12.00
# Visual Studio Version 16
VisualStudioVersion = 16.0.29613.14
MinimumVisualStudioVersion = 10.0.40219.1
Project("{FAE04EC0-301F-11D3-BF4B-00C04F79EFBC}") = "SpeechClient.UI", "SpeechClient.UI\SpeechClient.UI.csproj", "{F1781AD1-0FF1-4E68-A491-275B09B51E3D}"
EndProject
Project("{FAE04EC0-301F-11D3-BF4B-00C04F79EFBC}") = "SpeechClient.Audio", "SpeechClient.Audio\SpeechClient.Audio.csproj", "{1C55DB1C-588D-46E0-8609-09DB9B3AB7E7}"
EndProject
Global
	GlobalSection(SolutionConfigurationPlatforms) = preSolution
		Debug|Any CPU = Debug|Any CPU
		Debug|x64 = Debug|x64
		Release|Any CPU = Release|Any CPU
		Release|x64 = Release|x64
	EndGlobalSection
	GlobalSection(ProjectConfigurationPlatforms) = postSolution
		{F1781AD1-0FF1-4E68-A491-275B09B51E3D}.Debug|Any CPU.ActiveCfg = Debug|Any CPU
		{F1781AD1-0FF1-4E68-A491-275B09B51E3D}.Debug|Any CPU.Build.0 = Debug|Any CPU
		{F1781AD1-0FF1-4E68-A491-275B09B51E3D}.Debug|x64.ActiveCfg = Debug|x64
		{F1781AD1-0FF1-4E68-A491-275B09B51E3D}.Debug|x64.Build.0 = Debug|x64
		{F1781AD1-0FF1-4E68-A491-275B09B51E3D}.Release|Any CPU.ActiveCfg = Release|Any CPU
		{F1781AD1-0FF1-4E68-A491-275B09B51E3D}.Release|Any CPU.Build.0 = Release|Any CPU
		{F1781AD1-0FF1-4E68-A491-275B09B51E3D}.Release|x64.ActiveCfg = Release|x64
		{F1781AD1-0FF1-4E68-A491-275B09B51E3D}.Release|x64.Build.0 = Release|x64
		{1C55DB1C-588D-46E0-8609-09DB9B3AB7E7}.Debug|Any CPU.ActiveCfg = Debug|Any CPU
		{1C55DB1C-588D-46E0-8609-09DB9B3AB7E7}.Debug|Any CPU.Build.0 = Debug|Any CPU
		{1C55DB1C-588D-46E0-8609-09DB9B3AB7E7}.Debug|x64.ActiveCfg = Debug|x64
		{1C55DB1C-588D-46E0-8609-09DB9B3AB7E7}.Debug|x64.Build.0 = Debug|x64
		{1C55DB1C-588D-46E0-8609-09DB9B3AB7E7}.Release|Any CPU.ActiveCfg = Release|Any CPU
		{1C55DB1C-588D-46E0-8609-09DB9B3AB7E7}.Release|Any CPU.Build.0 = Release|Any CPU
		{1C55DB1C-588D-46E0-8609-09DB9B3AB7E7}.Release|x64.ActiveCfg = Release|x64
		{1C55DB1C-588D-46E0-8609-09DB9B3AB7E7}.Release|x64.Build.0 = Release|x64
	EndGlobalSection
	GlobalSection(SolutionProperties) = preSolution
		HideSolutionNode = FALSE
	EndGlobalSection
	GlobalSection(ExtensibilityGlobals) = postSolution
		SolutionGuid = {DE3CA801-8EE4-4758-BA5D-B819F546CA04}
	EndGlobalSection
EndGlobal
